
Microsoft Visual Studio Solution File, Format Version 12.00
# Visual Studio Version 17
VisualStudioVersion = 17.12.35707.178 d17.12
MinimumVisualStudioVersion = 10.0.40219.1
Project("{FAE04EC0-301F-11D3-BF4B-00C04F79EFBC}") = "AspectDemo", "AspectDemo\AspectDemo.csproj", "{28307A46-1E50-4738-9A8C-81A5F32CEFFE}"
EndProject
Global
	GlobalSection(SolutionConfigurationPlatforms) = preSolution
		Debug|Any CPU = Debug|Any CPU
		Release|Any CPU = Release|Any CPU
	EndGlobalSection
	GlobalSection(ProjectConfigurationPlatforms) = postSolution
		{28307A46-1E50-4738-9A8C-81A5F32CEFFE}.Debug|Any CPU.ActiveCfg = Debug|Any CPU
		{28307A46-1E50-4738-9A8C-81A5F32CEFFE}.Debug|Any CPU.Build.0 = Debug|Any CPU
		{28307A46-1E50-4738-9A8C-81A5F32CEFFE}.Release|Any CPU.ActiveCfg = Release|Any CPU
		{28307A46-1E50-4738-9A8C-81A5F32CEFFE}.Release|Any CPU.Build.0 = Release|Any CPU
	EndGlobalSection
	GlobalSection(SolutionProperties) = preSolution
		HideSolutionNode = FALSE
	EndGlobalSection
EndGlobal
